// !$*UTF8*$!
{
	archiveVersion = 1;
	classes = {
	};
	objectVersion = 46;
	objects = {

/* Begin PBXBuildFile section */
		A078B76B1F214C1300E3FB08 /* AppDelegate.swift in Sources */ = {isa = PBXBuildFile; fileRef = A078B76A1F214C1300E3FB08 /* AppDelegate.swift */; };
		A078B76D1F214C1300E3FB08 /* ViewController.swift in Sources */ = {isa = PBXBuildFile; fileRef = A078B76C1F214C1300E3FB08 /* ViewController.swift */; };
		A078B7701F214C1300E3FB08 /* Main.storyboard in Resources */ = {isa = PBXBuildFile; fileRef = A078B76E1F214C1300E3FB08 /* Main.storyboard */; };
		A078B7721F214C1300E3FB08 /* Assets.xcassets in Resources */ = {isa = PBXBuildFile; fileRef = A078B7711F214C1300E3FB08 /* Assets.xcassets */; };
		A078B7751F214C1300E3FB08 /* LaunchScreen.storyboard in Resources */ = {isa = PBXBuildFile; fileRef = A078B7731F214C1300E3FB08 /* LaunchScreen.storyboard */; };
/* End PBXBuildFile section */

/* Begin PBXFileReference section */
		A078B7671F214C1300E3FB08 /* College App.app */ = {isa = PBXFileReference; explicitFileType = wrapper.application; includeInIndex = 0; path = "College App.app"; sourceTree = BUILT_PRODUCTS_DIR; };
		A078B76A1F214C1300E3FB08 /* AppDelegate.swift */ = {isa = PBXFileReference; lastKnownFileType = sourcecode.swift; path = AppDelegate.swift; sourceTree = "<group>"; };
		A078B76C1F214C1300E3FB08 /* ViewController.swift */ = {isa = PBXFileReference; lastKnownFileType = sourcecode.swift; path = ViewController.swift; sourceTree = "<group>"; };
		A078B76F1F214C1300E3FB08 /* Base */ = {isa = PBXFileReference; lastKnownFileType = file.storyboard; name = Base; path = Base.lproj/Main.storyboard; sourceTree = "<group>"; };
		A078B7711F214C1300E3FB08 /* Assets.xcassets */ = {isa = PBXFileReference; lastKnownFileType = folder.assetcatalog; path = Assets.xcassets; sourceTree = "<group>"; };
		A078B7741F214C1300E3FB08 /* Base */ = {isa = PBXFileReference; lastKnownFileType = file.storyboard; name = Base; path = Base.lproj/LaunchScreen.storyboard; sourceTree = "<group>"; };
		A078B7761F214C1300E3FB08 /* Info.plist */ = {isa = PBXFileReference; lastKnownFileType = text.plist.xml; path = Info.plist; sourceTree = "<group>"; };
/* End PBXFileReference section */

/* Begin PBXFrameworksBuildPhase section */
		A078B7641F214C1300E3FB08 /* Frameworks */ = {
			isa = PBXFrameworksBuildPhase;
			buildActionMask = 2147483647;
			files = (
			);
			runOnlyForDeploymentPostprocessing = 0;
		};
/* End PBXFrameworksBuildPhase section */

/* Begin PBXGroup section */
		A078B75E1F214C1200E3FB08 = {
			isa = PBXGroup;
			children = (
				A078B7691F214C1300E3FB08 /* College App */,
				A078B7681F214C1300E3FB08 /* Products */,
			);
			sourceTree = "<group>";
		};
		A078B7681F214C1300E3FB08 /* Products */ = {
			isa = PBXGroup;
			children = (
				A078B7671F214C1300E3FB08 /* College App.app */,
			);
			name = Products;
			sourceTree = "<group>";
		};
		A078B7691F214C1300E3FB08 /* College App */ = {
			isa = PBXGroup;
			children = (
				A078B76A1F214C1300E3FB08 /* AppDelegate.swift */,
				A078B76C1F214C1300E3FB08 /* ViewController.swift */,
				A078B76E1F214C1300E3FB08 /* Main.storyboard */,
				A078B7711F214C1300E3FB08 /* Assets.xcassets */,
				A078B7731F214C1300E3FB08 /* LaunchScreen.storyboard */,
				A078B7761F214C1300E3FB08 /* Info.plist */,
			);
			path = "College App";
			sourceTree = "<group>";
		};
/* End PBXGroup section */

/* Begin PBXNativeTarget section */
		A078B7661F214C1300E3FB08 /* College App */ = {
			isa = PBXNativeTarget;
			buildConfigurationList = A078B7791F214C1300E3FB08 /* Build configuration list for PBXNativeTarget "College App" */;
			buildPhases = (
				A078B7631F214C1300E3FB08 /* Sources */,
				A078B7641F214C1300E3FB08 /* Frameworks */,
				A078B7651F214C1300E3FB08 /* Resources */,
			);
			buildRules = (
			);
			dependencies = (
			);
			name = "College App";
			productName = "College App";
			productReference = A078B7671F214C1300E3FB08 /* College App.app */;
			productType = "com.apple.product-type.application";
		};
/* End PBXNativeTarget section */

/* Begin PBXProject section */
		A078B75F1F214C1200E3FB08 /* Project object */ = {
			isa = PBXProject;
			attributes = {
				LastSwiftUpdateCheck = 0830;
				LastUpgradeCheck = 0830;
				ORGANIZATIONNAME = "Jonathan Damico";
				TargetAttributes = {
					A078B7661F214C1300E3FB08 = {
						CreatedOnToolsVersion = 8.3.3;
						DevelopmentTeam = BME79ZAEBK;
						ProvisioningStyle = Automatic;
					};
				};
			};
			buildConfigurationList = A078B7621F214C1200E3FB08 /* Build configuration list for PBXProject "College App" */;
			compatibilityVersion = "Xcode 3.2";
			developmentRegion = English;
			hasScannedForEncodings = 0;
			knownRegions = (
				en,
				Base,
			);
			mainGroup = A078B75E1F214C1200E3FB08;
			productRefGroup = A078B7681F214C1300E3FB08 /* Products */;
			projectDirPath = "";
			projectRoot = "";
			targets = (
				A078B7661F214C1300E3FB08 /* College App */,
			);
		};
/* End PBXProject section */

/* Begin PBXResourcesBuildPhase section */
		A078B7651F214C1300E3FB08 /* Resources */ = {
			isa = PBXResourcesBuildPhase;
			buildActionMask = 2147483647;
			files = (
				A078B7751F214C1300E3FB08 /* LaunchScreen.storyboard in Resources */,
				A078B7721F214C1300E3FB08 /* Assets.xcassets in Resources */,
				A078B7701F214C1300E3FB08 /* Main.storyboard in Resources */,
			);
			runOnlyForDeploymentPostprocessing = 0;
		};
/* End PBXResourcesBuildPhase section */

/* Begin PBXSourcesBuildPhase section */
		A078B7631F214C1300E3FB08 /* Sources */ = {
			isa = PBXSourcesBuildPhase;
			buildActionMask = 2147483647;
			files = (
				A078B76D1F214C1300E3FB08 /* ViewController.swift in Sources */,
				A078B76B1F214C1300E3FB08 /* AppDelegate.swift in Sources */,
			);
			runOnlyForDeploymentPostprocessing = 0;
		};
/* End PBXSourcesBuildPhase section */

/* Begin PBXVariantGroup section */
		A078B76E1F214C1300E3FB08 /* Main.storyboard */ = {
			isa = PBXVariantGroup;
			children = (
				A078B76F1F214C1300E3FB08 /* Base */,
			);
			name = Main.storyboard;
			sourceTree = "<group>";
		};
		A078B7731F214C1300E3FB08 /* LaunchScreen.storyboard */ = {
			isa = PBXVariantGroup;
			children = (
				A078B7741F214C1300E3FB08 /* Base */,
			);
			name = LaunchScreen.storyboard;
			sourceTree = "<group>";
		};
/* End PBXVariantGroup section */

/* Begin XCBuildConfiguration section */
		A078B7771F214C1300E3FB08 /* Debug */ = {
			isa = XCBuildConfiguration;
			buildSettings = {
				ALWAYS_SEARCH_USER_PATHS = NO;
				CLANG_ANALYZER_NONNULL = YES;
				CLANG_ANALYZER_NUMBER_OBJECT_CONVERSION = YES_AGGRESSIVE;
				CLANG_CXX_LANGUAGE_STANDARD = "gnu++0x";
				CLANG_CXX_LIBRARY = "libc++";
				CLANG_ENABLE_MODULES = YES;
				CLANG_ENABLE_OBJC_ARC = YES;
				CLANG_WARN_BOOL_CONVERSION = YES;
				CLANG_WARN_CONSTANT_CONVERSION = YES;
				CLANG_WARN_DIRECT_OBJC_ISA_USAGE = YES_ERROR;
				CLANG_WARN_DOCUMENTATION_COMMENTS = YES;
				CLANG_WARN_EMPTY_BODY = YES;
				CLANG_WARN_ENUM_CONVERSION = YES;
				CLANG_WARN_INFINITE_RECURSION = YES;
				CLANG_WARN_INT_CONVERSION = YES;
				CLANG_WARN_OBJC_ROOT_CLASS = YES_ERROR;
				CLANG_WARN_SUSPICIOUS_MOVE = YES;
				CLANG_WARN_UNREACHABLE_CODE = YES;
				CLANG_WARN__DUPLICATE_METHOD_MATCH = YES;
				"CODE_SIGN_IDENTITY[sdk=iphoneos*]" = "iPhone Developer";
				COPY_PHASE_STRIP = NO;
				DEBUG_INFORMATION_FORMAT = dwarf;
				ENABLE_STRICT_OBJC_MSGSEND = YES;
				ENABLE_TESTABILITY = YES;
				GCC_C_LANGUAGE_STANDARD = gnu99;
				GCC_DYNAMIC_NO_PIC = NO;
				GCC_NO_COMMON_BLOCKS = YES;
				GCC_OPTIMIZATION_LEVEL = 0;
				GCC_PREPROCESSOR_DEFINITIONS = (
					"DEBUG=1",
					"$(inherited)",
				);
				GCC_WARN_64_TO_32_BIT_CONVERSION = YES;
				GCC_WARN_ABOUT_RETURN_TYPE = YES_ERROR;
				GCC_WARN_UNDECLARED_SELECTOR = YES;
				GCC_WARN_UNINITIALIZED_AUTOS = YES_AGGRESSIVE;
				GCC_WARN_UNUSED_FUNCTION = YES;
				GCC_WARN_UNUSED_VARIABLE = YES;
				IPHONEOS_DEPLOYMENT_TARGET = 10.3;
				MTL_ENABLE_DEBUG_INFO = YES;
				ONLY_ACTIVE_ARCH = YES;
				SDKROOT = iphoneos;
				SWIFT_ACTIVE_COMPILATION_CONDITIONS = DEBUG;
				SWIFT_OPTIMIZATION_LEVEL = "-Onone";
				TARGETED_DEVICE_FAMILY = "1,2";
			};
			name = Debug;
		};
		A078B7781F214C1300E3FB08 /* Release */ = {
			isa = XCBuildConfiguration;
			buildSettings = {
				ALWAYS_SEARCH_USER_PATHS = NO;
				CLANG_ANALYZER_NONNULL = YES;
				CLANG_ANALYZER_NUMBER_OBJECT_CONVERSION = YES_AGGRESSIVE;
				CLANG_CXX_LANGUAGE_STANDARD = "gnu++0x";
				CLANG_CXX_LIBRARY = "libc++";
				CLANG_ENABLE_MODULES = YES;
				CLANG_ENABLE_OBJC_ARC = YES;
				CLANG_WARN_BOOL_CONVERSION = YES;
				CLANG_WARN_CONSTANT_CONVERSION = YES;
				CLANG_WARN_DIRECT_OBJC_ISA_USAGE = YES_ERROR;
				CLANG_WARN_DOCUMENTATION_COMMENTS = YES;
				CLANG_WARN_EMPTY_BODY = YES;
				CLANG_WARN_ENUM_CONVERSION = YES;
				CLANG_WARN_INFINITE_RECURSION = YES;
				CLANG_WARN_INT_CONVERSION = YES;
				CLANG_WARN_OBJC_ROOT_CLASS = YES_ERROR;
				CLANG_WARN_SUSPICIOUS_MOVE = YES;
				CLANG_WARN_UNREACHABLE_CODE = YES;
				CLANG_WARN__DUPLICATE_METHOD_MATCH = YES;
				"CODE_SIGN_IDENTITY[sdk=iphoneos*]" = "iPhone Developer";
				COPY_PHASE_STRIP = NO;
				DEBUG_INFORMATION_FORMAT = "dwarf-with-dsym";
				ENABLE_NS_ASSERTIONS = NO;
				ENABLE_STRICT_OBJC_MSGSEND = YES;
				GCC_C_LANGUAGE_STANDARD = gnu99;
				GCC_NO_COMMON_BLOCKS = YES;
				GCC_WARN_64_TO_32_BIT_CONVERSION = YES;
				GCC_WARN_ABOUT_RETURN_TYPE = YES_ERROR;
				GCC_WARN_UNDECLARED_SELECTOR = YES;
				GCC_WARN_UNINITIALIZED_AUTOS = YES_AGGRESSIVE;
				GCC_WARN_UNUSED_FUNCTION = YES;
				GCC_WARN_UNUSED_VARIABLE = YES;
				IPHONEOS_DEPLOYMENT_TARGET = 10.3;
				MTL_ENABLE_DEBUG_INFO = NO;
				SDKROOT = iphoneos;
				SWIFT_OPTIMIZATION_LEVEL = "-Owholemodule";
				TARGETED_DEVICE_FAMILY = "1,2";
				VALIDATE_PRODUCT = YES;
			};
			name = Release;
		};
		A078B77A1F214C1300E3FB08 /* Debug */ = {
			isa = XCBuildConfiguration;
			buildSettings = {
				ASSETCATALOG_COMPILER_APPICON_NAME = AppIcon;
				DEVELOPMENT_TEAM = BME79ZAEBK;
				INFOPLIST_FILE = "College App/Info.plist";
				LD_RUNPATH_SEARCH_PATHS = "$(inherited) @executable_path/Frameworks";
				PRODUCT_BUNDLE_IDENTIFIER = "me.jonathandamico.College-App";
				PRODUCT_NAME = "$(TARGET_NAME)";
				SWIFT_VERSION = 3.0;
			};
			name = Debug;
		};
		A078B77B1F214C1300E3FB08 /* Release */ = {
			isa = XCBuildConfiguration;
			buildSettings = {
				ASSETCATALOG_COMPILER_APPICON_NAME = AppIcon;
				DEVELOPMENT_TEAM = BME79ZAEBK;
				INFOPLIST_FILE = "College App/Info.plist";
				LD_RUNPATH_SEARCH_PATHS = "$(inherited) @executable_path/Frameworks";
				PRODUCT_BUNDLE_IDENTIFIER = "me.jonathandamico.College-App";
				PRODUCT_NAME = "$(TARGET_NAME)";
				SWIFT_VERSION = 3.0;
			};
			name = Release;
		};
/* End XCBuildConfiguration section */

/* Begin XCConfigurationList section */
		A078B7621F214C1200E3FB08 /* Build configuration list for PBXProject "College App" */ = {
			isa = XCConfigurationList;
			buildConfigurations = (
				A078B7771F214C1300E3FB08 /* Debug */,
				A078B7781F214C1300E3FB08 /* Release */,
			);
			defaultConfigurationIsVisible = 0;
			defaultConfigurationName = Release;
		};
		A078B7791F214C1300E3FB08 /* Build configuration list for PBXNativeTarget "College App" */ = {
			isa = XCConfigurationList;
			buildConfigurations = (
				A078B77A1F214C1300E3FB08 /* Debug */,
				A078B77B1F214C1300E3FB08 /* Release */,
			);
			defaultConfigurationIsVisible = 0;
		};
/* End XCConfigurationList section */
	};
	rootObject = A078B75F1F214C1200E3FB08 /* Project object */;
}
